Microsoft Visual Studio Solution File, Format Version 12.00
# Visual Studio Version 17
VisualStudioVersion = 17.2.32210.308
MinimumVisualStudioVersion = 15.0.26124.0
Project("{9A19103F-16F7-4668-BE54-9A1E7A4F7556}") = "ProtonLogin", "ProtonLogin\ProtonLogin.csproj", "{F41857BF-7A32-4CFC-A024-0D2E4EAA58DC}"
EndProject
Project("{2150E333-8FDC-42A3-9474-1A3956D46DE8}") = "Solution Items", "Solution Items", "{BADA71DC-7FFD-4EDC-9F28-FB74AEADC713}"
	ProjectSection(SolutionItems) = preProject
		.editorconfig = .editorconfig
		.gitignore = .gitignore
		.vsconfig = .vsconfig
		Directory.Build.props = Directory.Build.props
		Directory.Build.targets = Directory.Build.targets
		Directory.Packages.props = Directory.Packages.props
		global.json = global.json
	EndProjectSection
EndProject
Project("{2150E333-8FDC-42A3-9474-1A3956D46DE8}") = "Libraries", "Libraries", "{02EA681E-C7D8-13C7-8484-4AC65E1B71E8}"
EndProject
Project("{FAE04EC0-301F-11D3-BF4B-00C04F79EFBC}") = "Tuvi.Proton", "..\..\..\gitmodules\TuviCore\Sources\Tuvi.Proton\Tuvi.Proton.csproj", "{9B62E19F-9B76-8210-74BF-5CB73E8F9DC9}"
EndProject
Project("{FAE04EC0-301F-11D3-BF4B-00C04F79EFBC}") = "Tuvi.Core.Entities", "..\..\..\gitmodules\TuviCore\Sources\Tuvi.Core.Entities\Tuvi.Core.Entities.csproj", "{948684C6-A5B0-BFE3-1488-9BA59D079DF4}"
EndProject
Project("{FAE04EC0-301F-11D3-BF4B-00C04F79EFBC}") = "Tuvi.Proton.Impl", "..\..\..\gitmodules\TuviCore\Sources\Tuvi.Proton.Impl\Tuvi.Proton.Impl.csproj", "{2040F564-C929-9C91-FA03-9F29150FFFA8}"
EndProject
Project("{FAE04EC0-301F-11D3-BF4B-00C04F79EFBC}") = "Tuvi.Core.Mail", "..\..\..\gitmodules\TuviCore\Sources\Tuvi.Core.Mail\Tuvi.Core.Mail.csproj", "{831B8141-589B-B3B5-1698-3DBB994C33C9}"
EndProject
Project("{FAE04EC0-301F-11D3-BF4B-00C04F79EFBC}") = "Tuvi.Core", "..\..\..\gitmodules\TuviCore\Sources\Tuvi.Core\Tuvi.Core.csproj", "{6AC02D0B-42D6-1252-58E8-ED3A141CA8DE}"
EndProject
Project("{FAE04EC0-301F-11D3-BF4B-00C04F79EFBC}") = "TuviBase32EConverterLib", "..\..\..\gitmodules\TuviCore\gitmodules\TuviBase32EConverterLib\TuviBytesToEmailConverterLib\TuviBase32EConverterLib\TuviBase32EConverterLib.csproj", "{D9D4FCD9-497B-771A-2E51-AF5CD0B562B6}"
EndProject
Project("{FAE04EC0-301F-11D3-BF4B-00C04F79EFBC}") = "proton-cs-client", "..\..\..\gitmodules\TuviCore\gitmodules\proton-cs-client\source\proton-cs-client\proton-cs-client.csproj", "{53A9C85D-20D5-BD62-C51B-6A962F80D494}"
EndProject
Project("{FAE04EC0-301F-11D3-BF4B-00C04F79EFBC}") = "KeyDerivation", "..\..\..\gitmodules\TuviCore\gitmodules\TuviPgpLib\gitmodules\TuviKeyDerivationLib\KeyDerivationInterface\KeyDerivation.csproj", "{EA4373BD-1C5E-A1F6-8AE8-F928C608F752}"
EndProject
Project("{FAE04EC0-301F-11D3-BF4B-00C04F79EFBC}") = "Tuvi.Core.DataStorage", "..\..\..\gitmodules\TuviCore\Sources\Tuvi.Core.DataStorage\Tuvi.Core.DataStorage.csproj", "{4A4408DD-44D1-697E-E1DA-B6FA20915C5D}"
EndProject
Project("{FAE04EC0-301F-11D3-BF4B-00C04F79EFBC}") = "TuviPgpLib", "..\..\..\gitmodules\TuviCore\gitmodules\TuviPgpLib\TuviPgpLib\TuviPgpLib.csproj", "{D1D0AD51-821E-DA39-D800-8495489351A4}"
EndProject
Project("{FAE04EC0-301F-11D3-BF4B-00C04F79EFBC}") = "TuviProtonPrimitiveLib", "..\..\..\gitmodules\TuviCore\gitmodules\proton-cs-client\gitmodules\TuviAuthProtonLib\source\TuviProtonPrimitiveLib\TuviProtonPrimitiveLib.csproj", "{8AA54DFD-8DA5-8449-4051-2D774119A7B5}"
EndProject
Project("{FAE04EC0-301F-11D3-BF4B-00C04F79EFBC}") = "TuviAuthProtonLib", "..\..\..\gitmodules\TuviCore\gitmodules\proton-cs-client\gitmodules\TuviAuthProtonLib\source\TuviAuthProtonLib\TuviAuthProtonLib.csproj", "{3FC0C772-6D91-D928-D579-858AA9382BD9}"
EndProject
Project("{FAE04EC0-301F-11D3-BF4B-00C04F79EFBC}") = "ProtonBase64Lib", "..\..\..\gitmodules\TuviCore\gitmodules\proton-cs-client\gitmodules\TuviAuthProtonLib\gitmodules\TuviSRPLib\TuviSRPLib\ProtonBase64Lib\ProtonBase64Lib.csproj", "{56BFE6D3-AB66-80DA-824C-8971323873A5}"
EndProject
Project("{FAE04EC0-301F-11D3-BF4B-00C04F79EFBC}") = "TuviSRPLib", "..\..\..\gitmodules\TuviCore\gitmodules\proton-cs-client\gitmodules\TuviAuthProtonLib\gitmodules\TuviSRPLib\TuviSRPLib\TuviSRPLib\TuviSRPLib.csproj", "{8F0DC5DA-A9D5-9E0B-1FB4-0FA1DA0E569A}"
EndProject
Project("{FAE04EC0-301F-11D3-BF4B-00C04F79EFBC}") = "TuviRestClientLib", "..\..\..\gitmodules\TuviCore\gitmodules\proton-cs-client\gitmodules\TuviAuthProtonLib\gitmodules\TuviRestClientLib\source\TuviRestClientLib\TuviRestClientLib.csproj", "{23C69595-673D-6BDE-D8D7-BB86B6DAF951}"
EndProject
Project("{FAE04EC0-301F-11D3-BF4B-00C04F79EFBC}") = "Tuvi.Core.Backup", "..\..\..\gitmodules\TuviCore\Sources\Tuvi.Core.Backup\Tuvi.Core.Backup.csproj", "{781A0038-9874-8CE9-9C4A-7C2E7D4E8B2D}"
EndProject
Project("{FAE04EC0-301F-11D3-BF4B-00C04F79EFBC}") = "Tuvi.Core.Logging", "..\..\..\gitmodules\TuviCore\Sources\Tuvi.Core.Logging\Tuvi.Core.Logging.csproj", "{FE6853F9-7F28-A779-B3BB-0C4D991A870A}"
EndProject
Global
	GlobalSection(SolutionConfigurationPlatforms) = preSolution
		Debug|Any CPU = Debug|Any CPU
		Debug|ARM = Debug|ARM
		Debug|ARM64 = Debug|ARM64
		Debug|iPhone = Debug|iPhone
		Debug|iPhoneSimulator = Debug|iPhoneSimulator
		Debug|x64 = Debug|x64
		Debug|x86 = Debug|x86
		Release|Any CPU = Release|Any CPU
		Release|ARM = Release|ARM
		Release|ARM64 = Release|ARM64
		Release|iPhone = Release|iPhone
		Release|iPhoneSimulator = Release|iPhoneSimulator
		Release|x64 = Release|x64
		Release|x86 = Release|x86
	EndGlobalSection
	GlobalSection(ProjectConfigurationPlatforms) = postSolution
		{F41857BF-7A32-4CFC-A024-0D2E4EAA58DC}.Debug|Any CPU.ActiveCfg = Debug|Any CPU
		{F41857BF-7A32-4CFC-A024-0D2E4EAA58DC}.Debug|Any CPU.Build.0 = Debug|Any CPU
		{F41857BF-7A32-4CFC-A024-0D2E4EAA58DC}.Debug|Any CPU.Deploy.0 = Debug|Any CPU
		{F41857BF-7A32-4CFC-A024-0D2E4EAA58DC}.Debug|ARM.ActiveCfg = Debug|Any CPU
		{F41857BF-7A32-4CFC-A024-0D2E4EAA58DC}.Debug|ARM.Build.0 = Debug|Any CPU
		{F41857BF-7A32-4CFC-A024-0D2E4EAA58DC}.Debug|ARM.Deploy.0 = Debug|Any CPU
		{F41857BF-7A32-4CFC-A024-0D2E4EAA58DC}.Debug|ARM64.ActiveCfg = Debug|Any CPU
		{F41857BF-7A32-4CFC-A024-0D2E4EAA58DC}.Debug|ARM64.Build.0 = Debug|Any CPU
		{F41857BF-7A32-4CFC-A024-0D2E4EAA58DC}.Debug|ARM64.Deploy.0 = Debug|Any CPU
		{F41857BF-7A32-4CFC-A024-0D2E4EAA58DC}.Debug|iPhone.ActiveCfg = Debug|Any CPU
		{F41857BF-7A32-4CFC-A024-0D2E4EAA58DC}.Debug|iPhone.Build.0 = Debug|Any CPU
		{F41857BF-7A32-4CFC-A024-0D2E4EAA58DC}.Debug|iPhone.Deploy.0 = Debug|Any CPU
		{F41857BF-7A32-4CFC-A024-0D2E4EAA58DC}.Debug|iPhoneSimulator.ActiveCfg = Debug|Any CPU
		{F41857BF-7A32-4CFC-A024-0D2E4EAA58DC}.Debug|iPhoneSimulator.Build.0 = Debug|Any CPU
		{F41857BF-7A32-4CFC-A024-0D2E4EAA58DC}.Debug|iPhoneSimulator.Deploy.0 = Debug|Any CPU
		{F41857BF-7A32-4CFC-A024-0D2E4EAA58DC}.Debug|x64.ActiveCfg = Debug|Any CPU
		{F41857BF-7A32-4CFC-A024-0D2E4EAA58DC}.Debug|x64.Build.0 = Debug|Any CPU
		{F41857BF-7A32-4CFC-A024-0D2E4EAA58DC}.Debug|x64.Deploy.0 = Debug|Any CPU
		{F41857BF-7A32-4CFC-A024-0D2E4EAA58DC}.Debug|x86.ActiveCfg = Debug|Any CPU
		{F41857BF-7A32-4CFC-A024-0D2E4EAA58DC}.Debug|x86.Build.0 = Debug|Any CPU
		{F41857BF-7A32-4CFC-A024-0D2E4EAA58DC}.Debug|x86.Deploy.0 = Debug|Any CPU
		{F41857BF-7A32-4CFC-A024-0D2E4EAA58DC}.Release|Any CPU.ActiveCfg = Release|Any CPU
		{F41857BF-7A32-4CFC-A024-0D2E4EAA58DC}.Release|Any CPU.Build.0 = Release|Any CPU
		{F41857BF-7A32-4CFC-A024-0D2E4EAA58DC}.Release|Any CPU.Deploy.0 = Release|Any CPU
		{F41857BF-7A32-4CFC-A024-0D2E4EAA58DC}.Release|ARM.ActiveCfg = Release|Any CPU
		{F41857BF-7A32-4CFC-A024-0D2E4EAA58DC}.Release|ARM.Build.0 = Release|Any CPU
		{F41857BF-7A32-4CFC-A024-0D2E4EAA58DC}.Release|ARM.Deploy.0 = Release|Any CPU
		{F41857BF-7A32-4CFC-A024-0D2E4EAA58DC}.Release|ARM64.ActiveCfg = Release|Any CPU
		{F41857BF-7A32-4CFC-A024-0D2E4EAA58DC}.Release|ARM64.Build.0 = Release|Any CPU
		{F41857BF-7A32-4CFC-A024-0D2E4EAA58DC}.Release|ARM64.Deploy.0 = Release|Any CPU
		{F41857BF-7A32-4CFC-A024-0D2E4EAA58DC}.Release|iPhone.ActiveCfg = Release|Any CPU
		{F41857BF-7A32-4CFC-A024-0D2E4EAA58DC}.Release|iPhone.Build.0 = Release|Any CPU
		{F41857BF-7A32-4CFC-A024-0D2E4EAA58DC}.Release|iPhone.Deploy.0 = Release|Any CPU
		{F41857BF-7A32-4CFC-A024-0D2E4EAA58DC}.Release|iPhoneSimulator.ActiveCfg = Release|Any CPU
		{F41857BF-7A32-4CFC-A024-0D2E4EAA58DC}.Release|iPhoneSimulator.Build.0 = Release|Any CPU
		{F41857BF-7A32-4CFC-A024-0D2E4EAA58DC}.Release|iPhoneSimulator.Deploy.0 = Release|Any CPU
		{F41857BF-7A32-4CFC-A024-0D2E4EAA58DC}.Release|x64.ActiveCfg = Release|Any CPU
		{F41857BF-7A32-4CFC-A024-0D2E4EAA58DC}.Release|x64.Build.0 = Release|Any CPU
		{F41857BF-7A32-4CFC-A024-0D2E4EAA58DC}.Release|x64.Deploy.0 = Release|Any CPU
		{F41857BF-7A32-4CFC-A024-0D2E4EAA58DC}.Release|x86.ActiveCfg = Release|Any CPU
		{F41857BF-7A32-4CFC-A024-0D2E4EAA58DC}.Release|x86.Build.0 = Release|Any CPU
		{F41857BF-7A32-4CFC-A024-0D2E4EAA58DC}.Release|x86.Deploy.0 = Release|Any CPU
		{9B62E19F-9B76-8210-74BF-5CB73E8F9DC9}.Debug|Any CPU.ActiveCfg = Debug|Any CPU
		{9B62E19F-9B76-8210-74BF-5CB73E8F9DC9}.Debug|Any CPU.Build.0 = Debug|Any CPU
		{9B62E19F-9B76-8210-74BF-5CB73E8F9DC9}.Debug|ARM.ActiveCfg = Debug|Any CPU
		{9B62E19F-9B76-8210-74BF-5CB73E8F9DC9}.Debug|ARM.Build.0 = Debug|Any CPU
		{9B62E19F-9B76-8210-74BF-5CB73E8F9DC9}.Debug|ARM64.ActiveCfg = Debug|Any CPU
		{9B62E19F-9B76-8210-74BF-5CB73E8F9DC9}.Debug|ARM64.Build.0 = Debug|Any CPU
		{9B62E19F-9B76-8210-74BF-5CB73E8F9DC9}.Debug|iPhone.ActiveCfg = Debug|Any CPU
		{9B62E19F-9B76-8210-74BF-5CB73E8F9DC9}.Debug|iPhone.Build.0 = Debug|Any CPU
		{9B62E19F-9B76-8210-74BF-5CB73E8F9DC9}.Debug|iPhoneSimulator.ActiveCfg = Debug|Any CPU
		{9B62E19F-9B76-8210-74BF-5CB73E8F9DC9}.Debug|iPhoneSimulator.Build.0 = Debug|Any CPU
		{9B62E19F-9B76-8210-74BF-5CB73E8F9DC9}.Debug|x64.ActiveCfg = Debug|Any CPU
		{9B62E19F-9B76-8210-74BF-5CB73E8F9DC9}.Debug|x64.Build.0 = Debug|Any CPU
		{9B62E19F-9B76-8210-74BF-5CB73E8F9DC9}.Debug|x86.ActiveCfg = Debug|Any CPU
		{9B62E19F-9B76-8210-74BF-5CB73E8F9DC9}.Debug|x86.Build.0 = Debug|Any CPU
		{9B62E19F-9B76-8210-74BF-5CB73E8F9DC9}.Release|Any CPU.ActiveCfg = Release|Any CPU
		{9B62E19F-9B76-8210-74BF-5CB73E8F9DC9}.Release|Any CPU.Build.0 = Release|Any CPU
		{9B62E19F-9B76-8210-74BF-5CB73E8F9DC9}.Release|ARM.ActiveCfg = Release|Any CPU
		{9B62E19F-9B76-8210-74BF-5CB73E8F9DC9}.Release|ARM.Build.0 = Release|Any CPU
		{9B62E19F-9B76-8210-74BF-5CB73E8F9DC9}.Release|ARM64.ActiveCfg = Release|Any CPU
		{9B62E19F-9B76-8210-74BF-5CB73E8F9DC9}.Release|ARM64.Build.0 = Release|Any CPU
		{9B62E19F-9B76-8210-74BF-5CB73E8F9DC9}.Release|iPhone.ActiveCfg = Release|Any CPU
		{9B62E19F-9B76-8210-74BF-5CB73E8F9DC9}.Release|iPhone.Build.0 = Release|Any CPU
		{9B62E19F-9B76-8210-74BF-5CB73E8F9DC9}.Release|iPhoneSimulator.ActiveCfg = Release|Any CPU
		{9B62E19F-9B76-8210-74BF-5CB73E8F9DC9}.Release|iPhoneSimulator.Build.0 = Release|Any CPU
		{9B62E19F-9B76-8210-74BF-5CB73E8F9DC9}.Release|x64.ActiveCfg = Release|Any CPU
		{9B62E19F-9B76-8210-74BF-5CB73E8F9DC9}.Release|x64.Build.0 = Release|Any CPU
		{9B62E19F-9B76-8210-74BF-5CB73E8F9DC9}.Release|x86.ActiveCfg = Release|Any CPU
		{9B62E19F-9B76-8210-74BF-5CB73E8F9DC9}.Release|x86.Build.0 = Release|Any CPU
		{948684C6-A5B0-BFE3-1488-9BA59D079DF4}.Debug|Any CPU.ActiveCfg = Debug|Any CPU
		{948684C6-A5B0-BFE3-1488-9BA59D079DF4}.Debug|Any CPU.Build.0 = Debug|Any CPU
		{948684C6-A5B0-BFE3-1488-9BA59D079DF4}.Debug|ARM.ActiveCfg = Debug|Any CPU
		{948684C6-A5B0-BFE3-1488-9BA59D079DF4}.Debug|ARM.Build.0 = Debug|Any CPU
		{948684C6-A5B0-BFE3-1488-9BA59D079DF4}.Debug|ARM64.ActiveCfg = Debug|Any CPU
		{948684C6-A5B0-BFE3-1488-9BA59D079DF4}.Debug|ARM64.Build.0 = Debug|Any CPU
		{948684C6-A5B0-BFE3-1488-9BA59D079DF4}.Debug|iPhone.ActiveCfg = Debug|Any CPU
		{948684C6-A5B0-BFE3-1488-9BA59D079DF4}.Debug|iPhone.Build.0 = Debug|Any CPU
		{948684C6-A5B0-BFE3-1488-9BA59D079DF4}.Debug|iPhoneSimulator.ActiveCfg = Debug|Any CPU
		{948684C6-A5B0-BFE3-1488-9BA59D079DF4}.Debug|iPhoneSimulator.Build.0 = Debug|Any CPU
		{948684C6-A5B0-BFE3-1488-9BA59D079DF4}.Debug|x64.ActiveCfg = Debug|Any CPU
		{948684C6-A5B0-BFE3-1488-9BA59D079DF4}.Debug|x64.Build.0 = Debug|Any CPU
		{948684C6-A5B0-BFE3-1488-9BA59D079DF4}.Debug|x86.ActiveCfg = Debug|Any CPU
		{948684C6-A5B0-BFE3-1488-9BA59D079DF4}.Debug|x86.Build.0 = Debug|Any CPU
		{948684C6-A5B0-BFE3-1488-9BA59D079DF4}.Release|Any CPU.ActiveCfg = Release|Any CPU
		{948684C6-A5B0-BFE3-1488-9BA59D079DF4}.Release|Any CPU.Build.0 = Release|Any CPU
		{948684C6-A5B0-BFE3-1488-9BA59D079DF4}.Release|ARM.ActiveCfg = Release|Any CPU
		{948684C6-A5B0-BFE3-1488-9BA59D079DF4}.Release|ARM.Build.0 = Release|Any CPU
		{948684C6-A5B0-BFE3-1488-9BA59D079DF4}.Release|ARM64.ActiveCfg = Release|Any CPU
		{948684C6-A5B0-BFE3-1488-9BA59D079DF4}.Release|ARM64.Build.0 = Release|Any CPU
		{948684C6-A5B0-BFE3-1488-9BA59D079DF4}.Release|iPhone.ActiveCfg = Release|Any CPU
		{948684C6-A5B0-BFE3-1488-9BA59D079DF4}.Release|iPhone.Build.0 = Release|Any CPU
		{948684C6-A5B0-BFE3-1488-9BA59D079DF4}.Release|iPhoneSimulator.ActiveCfg = Release|Any CPU
		{948684C6-A5B0-BFE3-1488-9BA59D079DF4}.Release|iPhoneSimulator.Build.0 = Release|Any CPU
		{948684C6-A5B0-BFE3-1488-9BA59D079DF4}.Release|x64.ActiveCfg = Release|Any CPU
		{948684C6-A5B0-BFE3-1488-9BA59D079DF4}.Release|x64.Build.0 = Release|Any CPU
		{948684C6-A5B0-BFE3-1488-9BA59D079DF4}.Release|x86.ActiveCfg = Release|Any CPU
		{948684C6-A5B0-BFE3-1488-9BA59D079DF4}.Release|x86.Build.0 = Release|Any CPU
		{2040F564-C929-9C91-FA03-9F29150FFFA8}.Debug|Any CPU.ActiveCfg = Debug|Any CPU
		{2040F564-C929-9C91-FA03-9F29150FFFA8}.Debug|Any CPU.Build.0 = Debug|Any CPU
		{2040F564-C929-9C91-FA03-9F29150FFFA8}.Debug|ARM.ActiveCfg = Debug|Any CPU
		{2040F564-C929-9C91-FA03-9F29150FFFA8}.Debug|ARM.Build.0 = Debug|Any CPU
		{2040F564-C929-9C91-FA03-9F29150FFFA8}.Debug|ARM64.ActiveCfg = Debug|Any CPU
		{2040F564-C929-9C91-FA03-9F29150FFFA8}.Debug|ARM64.Build.0 = Debug|Any CPU
		{2040F564-C929-9C91-FA03-9F29150FFFA8}.Debug|iPhone.ActiveCfg = Debug|Any CPU
		{2040F564-C929-9C91-FA03-9F29150FFFA8}.Debug|iPhone.Build.0 = Debug|Any CPU
		{2040F564-C929-9C91-FA03-9F29150FFFA8}.Debug|iPhoneSimulator.ActiveCfg = Debug|Any CPU
		{2040F564-C929-9C91-FA03-9F29150FFFA8}.Debug|iPhoneSimulator.Build.0 = Debug|Any CPU
		{2040F564-C929-9C91-FA03-9F29150FFFA8}.Debug|x64.ActiveCfg = Debug|Any CPU
		{2040F564-C929-9C91-FA03-9F29150FFFA8}.Debug|x64.Build.0 = Debug|Any CPU
		{2040F564-C929-9C91-FA03-9F29150FFFA8}.Debug|x86.ActiveCfg = Debug|Any CPU
		{2040F564-C929-9C91-FA03-9F29150FFFA8}.Debug|x86.Build.0 = Debug|Any CPU
		{2040F564-C929-9C91-FA03-9F29150FFFA8}.Release|Any CPU.ActiveCfg = Release|Any CPU
		{2040F564-C929-9C91-FA03-9F29150FFFA8}.Release|Any CPU.Build.0 = Release|Any CPU
		{2040F564-C929-9C91-FA03-9F29150FFFA8}.Release|ARM.ActiveCfg = Release|Any CPU
		{2040F564-C929-9C91-FA03-9F29150FFFA8}.Release|ARM.Build.0 = Release|Any CPU
		{2040F564-C929-9C91-FA03-9F29150FFFA8}.Release|ARM64.ActiveCfg = Release|Any CPU
		{2040F564-C929-9C91-FA03-9F29150FFFA8}.Release|ARM64.Build.0 = Release|Any CPU
		{2040F564-C929-9C91-FA03-9F29150FFFA8}.Release|iPhone.ActiveCfg = Release|Any CPU
		{2040F564-C929-9C91-FA03-9F29150FFFA8}.Release|iPhone.Build.0 = Release|Any CPU
		{2040F564-C929-9C91-FA03-9F29150FFFA8}.Release|iPhoneSimulator.ActiveCfg = Release|Any CPU
		{2040F564-C929-9C91-FA03-9F29150FFFA8}.Release|iPhoneSimulator.Build.0 = Release|Any CPU
		{2040F564-C929-9C91-FA03-9F29150FFFA8}.Release|x64.ActiveCfg = Release|Any CPU
		{2040F564-C929-9C91-FA03-9F29150FFFA8}.Release|x64.Build.0 = Release|Any CPU
		{2040F564-C929-9C91-FA03-9F29150FFFA8}.Release|x86.ActiveCfg = Release|Any CPU
		{2040F564-C929-9C91-FA03-9F29150FFFA8}.Release|x86.Build.0 = Release|Any CPU
		{831B8141-589B-B3B5-1698-3DBB994C33C9}.Debug|Any CPU.ActiveCfg = Debug|Any CPU
		{831B8141-589B-B3B5-1698-3DBB994C33C9}.Debug|Any CPU.Build.0 = Debug|Any CPU
		{831B8141-589B-B3B5-1698-3DBB994C33C9}.Debug|ARM.ActiveCfg = Debug|Any CPU
		{831B8141-589B-B3B5-1698-3DBB994C33C9}.Debug|ARM.Build.0 = Debug|Any CPU
		{831B8141-589B-B3B5-1698-3DBB994C33C9}.Debug|ARM64.ActiveCfg = Debug|Any CPU
		{831B8141-589B-B3B5-1698-3DBB994C33C9}.Debug|ARM64.Build.0 = Debug|Any CPU
		{831B8141-589B-B3B5-1698-3DBB994C33C9}.Debug|iPhone.ActiveCfg = Debug|Any CPU
		{831B8141-589B-B3B5-1698-3DBB994C33C9}.Debug|iPhone.Build.0 = Debug|Any CPU
		{831B8141-589B-B3B5-1698-3DBB994C33C9}.Debug|iPhoneSimulator.ActiveCfg = Debug|Any CPU
		{831B8141-589B-B3B5-1698-3DBB994C33C9}.Debug|iPhoneSimulator.Build.0 = Debug|Any CPU
		{831B8141-589B-B3B5-1698-3DBB994C33C9}.Debug|x64.ActiveCfg = Debug|Any CPU
		{831B8141-589B-B3B5-1698-3DBB994C33C9}.Debug|x64.Build.0 = Debug|Any CPU
		{831B8141-589B-B3B5-1698-3DBB994C33C9}.Debug|x86.ActiveCfg = Debug|Any CPU
		{831B8141-589B-B3B5-1698-3DBB994C33C9}.Debug|x86.Build.0 = Debug|Any CPU
		{831B8141-589B-B3B5-1698-3DBB994C33C9}.Release|Any CPU.ActiveCfg = Release|Any CPU
		{831B8141-589B-B3B5-1698-3DBB994C33C9}.Release|Any CPU.Build.0 = Release|Any CPU
		{831B8141-589B-B3B5-1698-3DBB994C33C9}.Release|ARM.ActiveCfg = Release|Any CPU
		{831B8141-589B-B3B5-1698-3DBB994C33C9}.Release|ARM.Build.0 = Release|Any CPU
		{831B8141-589B-B3B5-1698-3DBB994C33C9}.Release|ARM64.ActiveCfg = Release|Any CPU
		{831B8141-589B-B3B5-1698-3DBB994C33C9}.Release|ARM64.Build.0 = Release|Any CPU
		{831B8141-589B-B3B5-1698-3DBB994C33C9}.Release|iPhone.ActiveCfg = Release|Any CPU
		{831B8141-589B-B3B5-1698-3DBB994C33C9}.Release|iPhone.Build.0 = Release|Any CPU
		{831B8141-589B-B3B5-1698-3DBB994C33C9}.Release|iPhoneSimulator.ActiveCfg = Release|Any CPU
		{831B8141-589B-B3B5-1698-3DBB994C33C9}.Release|iPhoneSimulator.Build.0 = Release|Any CPU
		{831B8141-589B-B3B5-1698-3DBB994C33C9}.Release|x64.ActiveCfg = Release|Any CPU
		{831B8141-589B-B3B5-1698-3DBB994C33C9}.Release|x64.Build.0 = Release|Any CPU
		{831B8141-589B-B3B5-1698-3DBB994C33C9}.Release|x86.ActiveCfg = Release|Any CPU
		{831B8141-589B-B3B5-1698-3DBB994C33C9}.Release|x86.Build.0 = Release|Any CPU
		{6AC02D0B-42D6-1252-58E8-ED3A141CA8DE}.Debug|Any CPU.ActiveCfg = Debug|Any CPU
		{6AC02D0B-42D6-1252-58E8-ED3A141CA8DE}.Debug|Any CPU.Build.0 = Debug|Any CPU
		{6AC02D0B-42D6-1252-58E8-ED3A141CA8DE}.Debug|ARM.ActiveCfg = Debug|Any CPU
		{6AC02D0B-42D6-1252-58E8-ED3A141CA8DE}.Debug|ARM.Build.0 = Debug|Any CPU
		{6AC02D0B-42D6-1252-58E8-ED3A141CA8DE}.Debug|ARM64.ActiveCfg = Debug|Any CPU
		{6AC02D0B-42D6-1252-58E8-ED3A141CA8DE}.Debug|ARM64.Build.0 = Debug|Any CPU
		{6AC02D0B-42D6-1252-58E8-ED3A141CA8DE}.Debug|iPhone.ActiveCfg = Debug|Any CPU
		{6AC02D0B-42D6-1252-58E8-ED3A141CA8DE}.Debug|iPhone.Build.0 = Debug|Any CPU
		{6AC02D0B-42D6-1252-58E8-ED3A141CA8DE}.Debug|iPhoneSimulator.ActiveCfg = Debug|Any CPU
		{6AC02D0B-42D6-1252-58E8-ED3A141CA8DE}.Debug|iPhoneSimulator.Build.0 = Debug|Any CPU
		{6AC02D0B-42D6-1252-58E8-ED3A141CA8DE}.Debug|x64.ActiveCfg = Debug|Any CPU
		{6AC02D0B-42D6-1252-58E8-ED3A141CA8DE}.Debug|x64.Build.0 = Debug|Any CPU
		{6AC02D0B-42D6-1252-58E8-ED3A141CA8DE}.Debug|x86.ActiveCfg = Debug|Any CPU
		{6AC02D0B-42D6-1252-58E8-ED3A141CA8DE}.Debug|x86.Build.0 = Debug|Any CPU
		{6AC02D0B-42D6-1252-58E8-ED3A141CA8DE}.Release|Any CPU.ActiveCfg = Release|Any CPU
		{6AC02D0B-42D6-1252-58E8-ED3A141CA8DE}.Release|Any CPU.Build.0 = Release|Any CPU
		{6AC02D0B-42D6-1252-58E8-ED3A141CA8DE}.Release|ARM.ActiveCfg = Release|Any CPU
		{6AC02D0B-42D6-1252-58E8-ED3A141CA8DE}.Release|ARM.Build.0 = Release|Any CPU
		{6AC02D0B-42D6-1252-58E8-ED3A141CA8DE}.Release|ARM64.ActiveCfg = Release|Any CPU
		{6AC02D0B-42D6-1252-58E8-ED3A141CA8DE}.Release|ARM64.Build.0 = Release|Any CPU
		{6AC02D0B-42D6-1252-58E8-ED3A141CA8DE}.Release|iPhone.ActiveCfg = Release|Any CPU
		{6AC02D0B-42D6-1252-58E8-ED3A141CA8DE}.Release|iPhone.Build.0 = Release|Any CPU
		{6AC02D0B-42D6-1252-58E8-ED3A141CA8DE}.Release|iPhoneSimulator.ActiveCfg = Release|Any CPU
		{6AC02D0B-42D6-1252-58E8-ED3A141CA8DE}.Release|iPhoneSimulator.Build.0 = Release|Any CPU
		{6AC02D0B-42D6-1252-58E8-ED3A141CA8DE}.Release|x64.ActiveCfg = Release|Any CPU
		{6AC02D0B-42D6-1252-58E8-ED3A141CA8DE}.Release|x64.Build.0 = Release|Any CPU
		{6AC02D0B-42D6-1252-58E8-ED3A141CA8DE}.Release|x86.ActiveCfg = Release|Any CPU
		{6AC02D0B-42D6-1252-58E8-ED3A141CA8DE}.Release|x86.Build.0 = Release|Any CPU
		{D9D4FCD9-497B-771A-2E51-AF5CD0B562B6}.Debug|Any CPU.ActiveCfg = Debug|Any CPU
		{D9D4FCD9-497B-771A-2E51-AF5CD0B562B6}.Debug|Any CPU.Build.0 = Debug|Any CPU
		{D9D4FCD9-497B-771A-2E51-AF5CD0B562B6}.Debug|ARM.ActiveCfg = Debug|Any CPU
		{D9D4FCD9-497B-771A-2E51-AF5CD0B562B6}.Debug|ARM.Build.0 = Debug|Any CPU
		{D9D4FCD9-497B-771A-2E51-AF5CD0B562B6}.Debug|ARM64.ActiveCfg = Debug|Any CPU
		{D9D4FCD9-497B-771A-2E51-AF5CD0B562B6}.Debug|ARM64.Build.0 = Debug|Any CPU
		{D9D4FCD9-497B-771A-2E51-AF5CD0B562B6}.Debug|iPhone.ActiveCfg = Debug|Any CPU
		{D9D4FCD9-497B-771A-2E51-AF5CD0B562B6}.Debug|iPhone.Build.0 = Debug|Any CPU
		{D9D4FCD9-497B-771A-2E51-AF5CD0B562B6}.Debug|iPhoneSimulator.ActiveCfg = Debug|Any CPU
		{D9D4FCD9-497B-771A-2E51-AF5CD0B562B6}.Debug|iPhoneSimulator.Build.0 = Debug|Any CPU
		{D9D4FCD9-497B-771A-2E51-AF5CD0B562B6}.Debug|x64.ActiveCfg = Debug|Any CPU
		{D9D4FCD9-497B-771A-2E51-AF5CD0B562B6}.Debug|x64.Build.0 = Debug|Any CPU
		{D9D4FCD9-497B-771A-2E51-AF5CD0B562B6}.Debug|x86.ActiveCfg = Debug|Any CPU
		{D9D4FCD9-497B-771A-2E51-AF5CD0B562B6}.Debug|x86.Build.0 = Debug|Any CPU
		{D9D4FCD9-497B-771A-2E51-AF5CD0B562B6}.Release|Any CPU.ActiveCfg = Release|Any CPU
		{D9D4FCD9-497B-771A-2E51-AF5CD0B562B6}.Release|Any CPU.Build.0 = Release|Any CPU
		{D9D4FCD9-497B-771A-2E51-AF5CD0B562B6}.Release|ARM.ActiveCfg = Release|Any CPU
		{D9D4FCD9-497B-771A-2E51-AF5CD0B562B6}.Release|ARM.Build.0 = Release|Any CPU
		{D9D4FCD9-497B-771A-2E51-AF5CD0B562B6}.Release|ARM64.ActiveCfg = Release|Any CPU
		{D9D4FCD9-497B-771A-2E51-AF5CD0B562B6}.Release|ARM64.Build.0 = Release|Any CPU
		{D9D4FCD9-497B-771A-2E51-AF5CD0B562B6}.Release|iPhone.ActiveCfg = Release|Any CPU
		{D9D4FCD9-497B-771A-2E51-AF5CD0B562B6}.Release|iPhone.Build.0 = Release|Any CPU
		{D9D4FCD9-497B-771A-2E51-AF5CD0B562B6}.Release|iPhoneSimulator.ActiveCfg = Release|Any CPU
		{D9D4FCD9-497B-771A-2E51-AF5CD0B562B6}.Release|iPhoneSimulator.Build.0 = Release|Any CPU
		{D9D4FCD9-497B-771A-2E51-AF5CD0B562B6}.Release|x64.ActiveCfg = Release|Any CPU
		{D9D4FCD9-497B-771A-2E51-AF5CD0B562B6}.Release|x64.Build.0 = Release|Any CPU
		{D9D4FCD9-497B-771A-2E51-AF5CD0B562B6}.Release|x86.ActiveCfg = Release|Any CPU
		{D9D4FCD9-497B-771A-2E51-AF5CD0B562B6}.Release|x86.Build.0 = Release|Any CPU
		{53A9C85D-20D5-BD62-C51B-6A962F80D494}.Debug|Any CPU.ActiveCfg = Debug|Any CPU
		{53A9C85D-20D5-BD62-C51B-6A962F80D494}.Debug|Any CPU.Build.0 = Debug|Any CPU
		{53A9C85D-20D5-BD62-C51B-6A962F80D494}.Debug|ARM.ActiveCfg = Debug|Any CPU
		{53A9C85D-20D5-BD62-C51B-6A962F80D494}.Debug|ARM.Build.0 = Debug|Any CPU
		{53A9C85D-20D5-BD62-C51B-6A962F80D494}.Debug|ARM64.ActiveCfg = Debug|Any CPU
		{53A9C85D-20D5-BD62-C51B-6A962F80D494}.Debug|ARM64.Build.0 = Debug|Any CPU
		{53A9C85D-20D5-BD62-C51B-6A962F80D494}.Debug|iPhone.ActiveCfg = Debug|Any CPU
		{53A9C85D-20D5-BD62-C51B-6A962F80D494}.Debug|iPhone.Build.0 = Debug|Any CPU
		{53A9C85D-20D5-BD62-C51B-6A962F80D494}.Debug|iPhoneSimulator.ActiveCfg = Debug|Any CPU
		{53A9C85D-20D5-BD62-C51B-6A962F80D494}.Debug|iPhoneSimulator.Build.0 = Debug|Any CPU
		{53A9C85D-20D5-BD62-C51B-6A962F80D494}.Debug|x64.ActiveCfg = Debug|Any CPU
		{53A9C85D-20D5-BD62-C51B-6A962F80D494}.Debug|x64.Build.0 = Debug|Any CPU
		{53A9C85D-20D5-BD62-C51B-6A962F80D494}.Debug|x86.ActiveCfg = Debug|Any CPU
		{53A9C85D-20D5-BD62-C51B-6A962F80D494}.Debug|x86.Build.0 = Debug|Any CPU
		{53A9C85D-20D5-BD62-C51B-6A962F80D494}.Release|Any CPU.ActiveCfg = Release|Any CPU
		{53A9C85D-20D5-BD62-C51B-6A962F80D494}.Release|Any CPU.Build.0 = Release|Any CPU
		{53A9C85D-20D5-BD62-C51B-6A962F80D494}.Release|ARM.ActiveCfg = Release|Any CPU
		{53A9C85D-20D5-BD62-C51B-6A962F80D494}.Release|ARM.Build.0 = Release|Any CPU
		{53A9C85D-20D5-BD62-C51B-6A962F80D494}.Release|ARM64.ActiveCfg = Release|Any CPU
		{53A9C85D-20D5-BD62-C51B-6A962F80D494}.Release|ARM64.Build.0 = Release|Any CPU
		{53A9C85D-20D5-BD62-C51B-6A962F80D494}.Release|iPhone.ActiveCfg = Release|Any CPU
		{53A9C85D-20D5-BD62-C51B-6A962F80D494}.Release|iPhone.Build.0 = Release|Any CPU
		{53A9C85D-20D5-BD62-C51B-6A962F80D494}.Release|iPhoneSimulator.ActiveCfg = Release|Any CPU
		{53A9C85D-20D5-BD62-C51B-6A962F80D494}.Release|iPhoneSimulator.Build.0 = Release|Any CPU
		{53A9C85D-20D5-BD62-C51B-6A962F80D494}.Release|x64.ActiveCfg = Release|Any CPU
		{53A9C85D-20D5-BD62-C51B-6A962F80D494}.Release|x64.Build.0 = Release|Any CPU
		{53A9C85D-20D5-BD62-C51B-6A962F80D494}.Release|x86.ActiveCfg = Release|Any CPU
		{53A9C85D-20D5-BD62-C51B-6A962F80D494}.Release|x86.Build.0 = Release|Any CPU
		{EA4373BD-1C5E-A1F6-8AE8-F928C608F752}.Debug|Any CPU.ActiveCfg = Debug|Any CPU
		{EA4373BD-1C5E-A1F6-8AE8-F928C608F752}.Debug|Any CPU.Build.0 = Debug|Any CPU
		{EA4373BD-1C5E-A1F6-8AE8-F928C608F752}.Debug|ARM.ActiveCfg = Debug|Any CPU
		{EA4373BD-1C5E-A1F6-8AE8-F928C608F752}.Debug|ARM.Build.0 = Debug|Any CPU
		{EA4373BD-1C5E-A1F6-8AE8-F928C608F752}.Debug|ARM64.ActiveCfg = Debug|Any CPU
		{EA4373BD-1C5E-A1F6-8AE8-F928C608F752}.Debug|ARM64.Build.0 = Debug|Any CPU
		{EA4373BD-1C5E-A1F6-8AE8-F928C608F752}.Debug|iPhone.ActiveCfg = Debug|Any CPU
		{EA4373BD-1C5E-A1F6-8AE8-F928C608F752}.Debug|iPhone.Build.0 = Debug|Any CPU
		{EA4373BD-1C5E-A1F6-8AE8-F928C608F752}.Debug|iPhoneSimulator.ActiveCfg = Debug|Any CPU
		{EA4373BD-1C5E-A1F6-8AE8-F928C608F752}.Debug|iPhoneSimulator.Build.0 = Debug|Any CPU
		{EA4373BD-1C5E-A1F6-8AE8-F928C608F752}.Debug|x64.ActiveCfg = Debug|Any CPU
		{EA4373BD-1C5E-A1F6-8AE8-F928C608F752}.Debug|x64.Build.0 = Debug|Any CPU
		{EA4373BD-1C5E-A1F6-8AE8-F928C608F752}.Debug|x86.ActiveCfg = Debug|Any CPU
		{EA4373BD-1C5E-A1F6-8AE8-F928C608F752}.Debug|x86.Build.0 = Debug|Any CPU
		{EA4373BD-1C5E-A1F6-8AE8-F928C608F752}.Release|Any CPU.ActiveCfg = Release|Any CPU
		{EA4373BD-1C5E-A1F6-8AE8-F928C608F752}.Release|Any CPU.Build.0 = Release|Any CPU
		{EA4373BD-1C5E-A1F6-8AE8-F928C608F752}.Release|ARM.ActiveCfg = Release|Any CPU
		{EA4373BD-1C5E-A1F6-8AE8-F928C608F752}.Release|ARM.Build.0 = Release|Any CPU
		{EA4373BD-1C5E-A1F6-8AE8-F928C608F752}.Release|ARM64.ActiveCfg = Release|Any CPU
		{EA4373BD-1C5E-A1F6-8AE8-F928C608F752}.Release|ARM64.Build.0 = Release|Any CPU
		{EA4373BD-1C5E-A1F6-8AE8-F928C608F752}.Release|iPhone.ActiveCfg = Release|Any CPU
		{EA4373BD-1C5E-A1F6-8AE8-F928C608F752}.Release|iPhone.Build.0 = Release|Any CPU
		{EA4373BD-1C5E-A1F6-8AE8-F928C608F752}.Release|iPhoneSimulator.ActiveCfg = Release|Any CPU
		{EA4373BD-1C5E-A1F6-8AE8-F928C608F752}.Release|iPhoneSimulator.Build.0 = Release|Any CPU
		{EA4373BD-1C5E-A1F6-8AE8-F928C608F752}.Release|x64.ActiveCfg = Release|Any CPU
		{EA4373BD-1C5E-A1F6-8AE8-F928C608F752}.Release|x64.Build.0 = Release|Any CPU
		{EA4373BD-1C5E-A1F6-8AE8-F928C608F752}.Release|x86.ActiveCfg = Release|Any CPU
		{EA4373BD-1C5E-A1F6-8AE8-F928C608F752}.Release|x86.Build.0 = Release|Any CPU
		{4A4408DD-44D1-697E-E1DA-B6FA20915C5D}.Debug|Any CPU.ActiveCfg = Debug|Any CPU
		{4A4408DD-44D1-697E-E1DA-B6FA20915C5D}.Debug|Any CPU.Build.0 = Debug|Any CPU
		{4A4408DD-44D1-697E-E1DA-B6FA20915C5D}.Debug|ARM.ActiveCfg = Debug|Any CPU
		{4A4408DD-44D1-697E-E1DA-B6FA20915C5D}.Debug|ARM.Build.0 = Debug|Any CPU
		{4A4408DD-44D1-697E-E1DA-B6FA20915C5D}.Debug|ARM64.ActiveCfg = Debug|Any CPU
		{4A4408DD-44D1-697E-E1DA-B6FA20915C5D}.Debug|ARM64.Build.0 = Debug|Any CPU
		{4A4408DD-44D1-697E-E1DA-B6FA20915C5D}.Debug|iPhone.ActiveCfg = Debug|Any CPU
		{4A4408DD-44D1-697E-E1DA-B6FA20915C5D}.Debug|iPhone.Build.0 = Debug|Any CPU
		{4A4408DD-44D1-697E-E1DA-B6FA20915C5D}.Debug|iPhoneSimulator.ActiveCfg = Debug|Any CPU
		{4A4408DD-44D1-697E-E1DA-B6FA20915C5D}.Debug|iPhoneSimulator.Build.0 = Debug|Any CPU
		{4A4408DD-44D1-697E-E1DA-B6FA20915C5D}.Debug|x64.ActiveCfg = Debug|Any CPU
		{4A4408DD-44D1-697E-E1DA-B6FA20915C5D}.Debug|x64.Build.0 = Debug|Any CPU
		{4A4408DD-44D1-697E-E1DA-B6FA20915C5D}.Debug|x86.ActiveCfg = Debug|Any CPU
		{4A4408DD-44D1-697E-E1DA-B6FA20915C5D}.Debug|x86.Build.0 = Debug|Any CPU
		{4A4408DD-44D1-697E-E1DA-B6FA20915C5D}.Release|Any CPU.ActiveCfg = Release|Any CPU
		{4A4408DD-44D1-697E-E1DA-B6FA20915C5D}.Release|Any CPU.Build.0 = Release|Any CPU
		{4A4408DD-44D1-697E-E1DA-B6FA20915C5D}.Release|ARM.ActiveCfg = Release|Any CPU
		{4A4408DD-44D1-697E-E1DA-B6FA20915C5D}.Release|ARM.Build.0 = Release|Any CPU
		{4A4408DD-44D1-697E-E1DA-B6FA20915C5D}.Release|ARM64.ActiveCfg = Release|Any CPU
		{4A4408DD-44D1-697E-E1DA-B6FA20915C5D}.Release|ARM64.Build.0 = Release|Any CPU
		{4A4408DD-44D1-697E-E1DA-B6FA20915C5D}.Release|iPhone.ActiveCfg = Release|Any CPU
		{4A4408DD-44D1-697E-E1DA-B6FA20915C5D}.Release|iPhone.Build.0 = Release|Any CPU
		{4A4408DD-44D1-697E-E1DA-B6FA20915C5D}.Release|iPhoneSimulator.ActiveCfg = Release|Any CPU
		{4A4408DD-44D1-697E-E1DA-B6FA20915C5D}.Release|iPhoneSimulator.Build.0 = Release|Any CPU
		{4A4408DD-44D1-697E-E1DA-B6FA20915C5D}.Release|x64.ActiveCfg = Release|Any CPU
		{4A4408DD-44D1-697E-E1DA-B6FA20915C5D}.Release|x64.Build.0 = Release|Any CPU
		{4A4408DD-44D1-697E-E1DA-B6FA20915C5D}.Release|x86.ActiveCfg = Release|Any CPU
		{4A4408DD-44D1-697E-E1DA-B6FA20915C5D}.Release|x86.Build.0 = Release|Any CPU
		{D1D0AD51-821E-DA39-D800-8495489351A4}.Debug|Any CPU.ActiveCfg = Debug|Any CPU
		{D1D0AD51-821E-DA39-D800-8495489351A4}.Debug|Any CPU.Build.0 = Debug|Any CPU
		{D1D0AD51-821E-DA39-D800-8495489351A4}.Debug|ARM.ActiveCfg = Debug|Any CPU
		{D1D0AD51-821E-DA39-D800-8495489351A4}.Debug|ARM.Build.0 = Debug|Any CPU
		{D1D0AD51-821E-DA39-D800-8495489351A4}.Debug|ARM64.ActiveCfg = Debug|Any CPU
		{D1D0AD51-821E-DA39-D800-8495489351A4}.Debug|ARM64.Build.0 = Debug|Any CPU
		{D1D0AD51-821E-DA39-D800-8495489351A4}.Debug|iPhone.ActiveCfg = Debug|Any CPU
		{D1D0AD51-821E-DA39-D800-8495489351A4}.Debug|iPhone.Build.0 = Debug|Any CPU
		{D1D0AD51-821E-DA39-D800-8495489351A4}.Debug|iPhoneSimulator.ActiveCfg = Debug|Any CPU
		{D1D0AD51-821E-DA39-D800-8495489351A4}.Debug|iPhoneSimulator.Build.0 = Debug|Any CPU
		{D1D0AD51-821E-DA39-D800-8495489351A4}.Debug|x64.ActiveCfg = Debug|Any CPU
		{D1D0AD51-821E-DA39-D800-8495489351A4}.Debug|x64.Build.0 = Debug|Any CPU
		{D1D0AD51-821E-DA39-D800-8495489351A4}.Debug|x86.ActiveCfg = Debug|Any CPU
		{D1D0AD51-821E-DA39-D800-8495489351A4}.Debug|x86.Build.0 = Debug|Any CPU
		{D1D0AD51-821E-DA39-D800-8495489351A4}.Release|Any CPU.ActiveCfg = Release|Any CPU
		{D1D0AD51-821E-DA39-D800-8495489351A4}.Release|Any CPU.Build.0 = Release|Any CPU
		{D1D0AD51-821E-DA39-D800-8495489351A4}.Release|ARM.ActiveCfg = Release|Any CPU
		{D1D0AD51-821E-DA39-D800-8495489351A4}.Release|ARM.Build.0 = Release|Any CPU
		{D1D0AD51-821E-DA39-D800-8495489351A4}.Release|ARM64.ActiveCfg = Release|Any CPU
		{D1D0AD51-821E-DA39-D800-8495489351A4}.Release|ARM64.Build.0 = Release|Any CPU
		{D1D0AD51-821E-DA39-D800-8495489351A4}.Release|iPhone.ActiveCfg = Release|Any CPU
		{D1D0AD51-821E-DA39-D800-8495489351A4}.Release|iPhone.Build.0 = Release|Any CPU
		{D1D0AD51-821E-DA39-D800-8495489351A4}.Release|iPhoneSimulator.ActiveCfg = Release|Any CPU
		{D1D0AD51-821E-DA39-D800-8495489351A4}.Release|iPhoneSimulator.Build.0 = Release|Any CPU
		{D1D0AD51-821E-DA39-D800-8495489351A4}.Release|x64.ActiveCfg = Release|Any CPU
		{D1D0AD51-821E-DA39-D800-8495489351A4}.Release|x64.Build.0 = Release|Any CPU
		{D1D0AD51-821E-DA39-D800-8495489351A4}.Release|x86.ActiveCfg = Release|Any CPU
		{D1D0AD51-821E-DA39-D800-8495489351A4}.Release|x86.Build.0 = Release|Any CPU
		{8AA54DFD-8DA5-8449-4051-2D774119A7B5}.Debug|Any CPU.ActiveCfg = Debug|Any CPU
		{8AA54DFD-8DA5-8449-4051-2D774119A7B5}.Debug|Any CPU.Build.0 = Debug|Any CPU
		{8AA54DFD-8DA5-8449-4051-2D774119A7B5}.Debug|ARM.ActiveCfg = Debug|Any CPU
		{8AA54DFD-8DA5-8449-4051-2D774119A7B5}.Debug|ARM.Build.0 = Debug|Any CPU
		{8AA54DFD-8DA5-8449-4051-2D774119A7B5}.Debug|ARM64.ActiveCfg = Debug|Any CPU
		{8AA54DFD-8DA5-8449-4051-2D774119A7B5}.Debug|ARM64.Build.0 = Debug|Any CPU
		{8AA54DFD-8DA5-8449-4051-2D774119A7B5}.Debug|iPhone.ActiveCfg = Debug|Any CPU
		{8AA54DFD-8DA5-8449-4051-2D774119A7B5}.Debug|iPhone.Build.0 = Debug|Any CPU
		{8AA54DFD-8DA5-8449-4051-2D774119A7B5}.Debug|iPhoneSimulator.ActiveCfg = Debug|Any CPU
		{8AA54DFD-8DA5-8449-4051-2D774119A7B5}.Debug|iPhoneSimulator.Build.0 = Debug|Any CPU
		{8AA54DFD-8DA5-8449-4051-2D774119A7B5}.Debug|x64.ActiveCfg = Debug|Any CPU
		{8AA54DFD-8DA5-8449-4051-2D774119A7B5}.Debug|x64.Build.0 = Debug|Any CPU
		{8AA54DFD-8DA5-8449-4051-2D774119A7B5}.Debug|x86.ActiveCfg = Debug|Any CPU
		{8AA54DFD-8DA5-8449-4051-2D774119A7B5}.Debug|x86.Build.0 = Debug|Any CPU
		{8AA54DFD-8DA5-8449-4051-2D774119A7B5}.Release|Any CPU.ActiveCfg = Release|Any CPU
		{8AA54DFD-8DA5-8449-4051-2D774119A7B5}.Release|Any CPU.Build.0 = Release|Any CPU
		{8AA54DFD-8DA5-8449-4051-2D774119A7B5}.Release|ARM.ActiveCfg = Release|Any CPU
		{8AA54DFD-8DA5-8449-4051-2D774119A7B5}.Release|ARM.Build.0 = Release|Any CPU
		{8AA54DFD-8DA5-8449-4051-2D774119A7B5}.Release|ARM64.ActiveCfg = Release|Any CPU
		{8AA54DFD-8DA5-8449-4051-2D774119A7B5}.Release|ARM64.Build.0 = Release|Any CPU
		{8AA54DFD-8DA5-8449-4051-2D774119A7B5}.Release|iPhone.ActiveCfg = Release|Any CPU
		{8AA54DFD-8DA5-8449-4051-2D774119A7B5}.Release|iPhone.Build.0 = Release|Any CPU
		{8AA54DFD-8DA5-8449-4051-2D774119A7B5}.Release|iPhoneSimulator.ActiveCfg = Release|Any CPU
		{8AA54DFD-8DA5-8449-4051-2D774119A7B5}.Release|iPhoneSimulator.Build.0 = Release|Any CPU
		{8AA54DFD-8DA5-8449-4051-2D774119A7B5}.Release|x64.ActiveCfg = Release|Any CPU
		{8AA54DFD-8DA5-8449-4051-2D774119A7B5}.Release|x64.Build.0 = Release|Any CPU
		{8AA54DFD-8DA5-8449-4051-2D774119A7B5}.Release|x86.ActiveCfg = Release|Any CPU
		{8AA54DFD-8DA5-8449-4051-2D774119A7B5}.Release|x86.Build.0 = Release|Any CPU
		{3FC0C772-6D91-D928-D579-858AA9382BD9}.Debug|Any CPU.ActiveCfg = Debug|Any CPU
		{3FC0C772-6D91-D928-D579-858AA9382BD9}.Debug|Any CPU.Build.0 = Debug|Any CPU
		{3FC0C772-6D91-D928-D579-858AA9382BD9}.Debug|ARM.ActiveCfg = Debug|Any CPU
		{3FC0C772-6D91-D928-D579-858AA9382BD9}.Debug|ARM.Build.0 = Debug|Any CPU
		{3FC0C772-6D91-D928-D579-858AA9382BD9}.Debug|ARM64.ActiveCfg = Debug|Any CPU
		{3FC0C772-6D91-D928-D579-858AA9382BD9}.Debug|ARM64.Build.0 = Debug|Any CPU
		{3FC0C772-6D91-D928-D579-858AA9382BD9}.Debug|iPhone.ActiveCfg = Debug|Any CPU
		{3FC0C772-6D91-D928-D579-858AA9382BD9}.Debug|iPhone.Build.0 = Debug|Any CPU
		{3FC0C772-6D91-D928-D579-858AA9382BD9}.Debug|iPhoneSimulator.ActiveCfg = Debug|Any CPU
		{3FC0C772-6D91-D928-D579-858AA9382BD9}.Debug|iPhoneSimulator.Build.0 = Debug|Any CPU
		{3FC0C772-6D91-D928-D579-858AA9382BD9}.Debug|x64.ActiveCfg = Debug|Any CPU
		{3FC0C772-6D91-D928-D579-858AA9382BD9}.Debug|x64.Build.0 = Debug|Any CPU
		{3FC0C772-6D91-D928-D579-858AA9382BD9}.Debug|x86.ActiveCfg = Debug|Any CPU
		{3FC0C772-6D91-D928-D579-858AA9382BD9}.Debug|x86.Build.0 = Debug|Any CPU
		{3FC0C772-6D91-D928-D579-858AA9382BD9}.Release|Any CPU.ActiveCfg = Release|Any CPU
		{3FC0C772-6D91-D928-D579-858AA9382BD9}.Release|Any CPU.Build.0 = Release|Any CPU
		{3FC0C772-6D91-D928-D579-858AA9382BD9}.Release|ARM.ActiveCfg = Release|Any CPU
		{3FC0C772-6D91-D928-D579-858AA9382BD9}.Release|ARM.Build.0 = Release|Any CPU
		{3FC0C772-6D91-D928-D579-858AA9382BD9}.Release|ARM64.ActiveCfg = Release|Any CPU
		{3FC0C772-6D91-D928-D579-858AA9382BD9}.Release|ARM64.Build.0 = Release|Any CPU
		{3FC0C772-6D91-D928-D579-858AA9382BD9}.Release|iPhone.ActiveCfg = Release|Any CPU
		{3FC0C772-6D91-D928-D579-858AA9382BD9}.Release|iPhone.Build.0 = Release|Any CPU
		{3FC0C772-6D91-D928-D579-858AA9382BD9}.Release|iPhoneSimulator.ActiveCfg = Release|Any CPU
		{3FC0C772-6D91-D928-D579-858AA9382BD9}.Release|iPhoneSimulator.Build.0 = Release|Any CPU
		{3FC0C772-6D91-D928-D579-858AA9382BD9}.Release|x64.ActiveCfg = Release|Any CPU
		{3FC0C772-6D91-D928-D579-858AA9382BD9}.Release|x64.Build.0 = Release|Any CPU
		{3FC0C772-6D91-D928-D579-858AA9382BD9}.Release|x86.ActiveCfg = Release|Any CPU
		{3FC0C772-6D91-D928-D579-858AA9382BD9}.Release|x86.Build.0 = Release|Any CPU
		{56BFE6D3-AB66-80DA-824C-8971323873A5}.Debug|Any CPU.ActiveCfg = Debug|Any CPU
		{56BFE6D3-AB66-80DA-824C-8971323873A5}.Debug|Any CPU.Build.0 = Debug|Any CPU
		{56BFE6D3-AB66-80DA-824C-8971323873A5}.Debug|ARM.ActiveCfg = Debug|Any CPU
		{56BFE6D3-AB66-80DA-824C-8971323873A5}.Debug|ARM.Build.0 = Debug|Any CPU
		{56BFE6D3-AB66-80DA-824C-8971323873A5}.Debug|ARM64.ActiveCfg = Debug|Any CPU
		{56BFE6D3-AB66-80DA-824C-8971323873A5}.Debug|ARM64.Build.0 = Debug|Any CPU
		{56BFE6D3-AB66-80DA-824C-8971323873A5}.Debug|iPhone.ActiveCfg = Debug|Any CPU
		{56BFE6D3-AB66-80DA-824C-8971323873A5}.Debug|iPhone.Build.0 = Debug|Any CPU
		{56BFE6D3-AB66-80DA-824C-8971323873A5}.Debug|iPhoneSimulator.ActiveCfg = Debug|Any CPU
		{56BFE6D3-AB66-80DA-824C-8971323873A5}.Debug|iPhoneSimulator.Build.0 = Debug|Any CPU
		{56BFE6D3-AB66-80DA-824C-8971323873A5}.Debug|x64.ActiveCfg = Debug|Any CPU
		{56BFE6D3-AB66-80DA-824C-8971323873A5}.Debug|x64.Build.0 = Debug|Any CPU
		{56BFE6D3-AB66-80DA-824C-8971323873A5}.Debug|x86.ActiveCfg = Debug|Any CPU
		{56BFE6D3-AB66-80DA-824C-8971323873A5}.Debug|x86.Build.0 = Debug|Any CPU
		{56BFE6D3-AB66-80DA-824C-8971323873A5}.Release|Any CPU.ActiveCfg = Release|Any CPU
		{56BFE6D3-AB66-80DA-824C-8971323873A5}.Release|Any CPU.Build.0 = Release|Any CPU
		{56BFE6D3-AB66-80DA-824C-8971323873A5}.Release|ARM.ActiveCfg = Release|Any CPU
		{56BFE6D3-AB66-80DA-824C-8971323873A5}.Release|ARM.Build.0 = Release|Any CPU
		{56BFE6D3-AB66-80DA-824C-8971323873A5}.Release|ARM64.ActiveCfg = Release|Any CPU
		{56BFE6D3-AB66-80DA-824C-8971323873A5}.Release|ARM64.Build.0 = Release|Any CPU
		{56BFE6D3-AB66-80DA-824C-8971323873A5}.Release|iPhone.ActiveCfg = Release|Any CPU
		{56BFE6D3-AB66-80DA-824C-8971323873A5}.Release|iPhone.Build.0 = Release|Any CPU
		{56BFE6D3-AB66-80DA-824C-8971323873A5}.Release|iPhoneSimulator.ActiveCfg = Release|Any CPU
		{56BFE6D3-AB66-80DA-824C-8971323873A5}.Release|iPhoneSimulator.Build.0 = Release|Any CPU
		{56BFE6D3-AB66-80DA-824C-8971323873A5}.Release|x64.ActiveCfg = Release|Any CPU
		{56BFE6D3-AB66-80DA-824C-8971323873A5}.Release|x64.Build.0 = Release|Any CPU
		{56BFE6D3-AB66-80DA-824C-8971323873A5}.Release|x86.ActiveCfg = Release|Any CPU
		{56BFE6D3-AB66-80DA-824C-8971323873A5}.Release|x86.Build.0 = Release|Any CPU
		{8F0DC5DA-A9D5-9E0B-1FB4-0FA1DA0E569A}.Debug|Any CPU.ActiveCfg = Debug|Any CPU
		{8F0DC5DA-A9D5-9E0B-1FB4-0FA1DA0E569A}.Debug|Any CPU.Build.0 = Debug|Any CPU
		{8F0DC5DA-A9D5-9E0B-1FB4-0FA1DA0E569A}.Debug|ARM.ActiveCfg = Debug|Any CPU
		{8F0DC5DA-A9D5-9E0B-1FB4-0FA1DA0E569A}.Debug|ARM.Build.0 = Debug|Any CPU
		{8F0DC5DA-A9D5-9E0B-1FB4-0FA1DA0E569A}.Debug|ARM64.ActiveCfg = Debug|Any CPU
		{8F0DC5DA-A9D5-9E0B-1FB4-0FA1DA0E569A}.Debug|ARM64.Build.0 = Debug|Any CPU
		{8F0DC5DA-A9D5-9E0B-1FB4-0FA1DA0E569A}.Debug|iPhone.ActiveCfg = Debug|Any CPU
		{8F0DC5DA-A9D5-9E0B-1FB4-0FA1DA0E569A}.Debug|iPhone.Build.0 = Debug|Any CPU
		{8F0DC5DA-A9D5-9E0B-1FB4-0FA1DA0E569A}.Debug|iPhoneSimulator.ActiveCfg = Debug|Any CPU
		{8F0DC5DA-A9D5-9E0B-1FB4-0FA1DA0E569A}.Debug|iPhoneSimulator.Build.0 = Debug|Any CPU
		{8F0DC5DA-A9D5-9E0B-1FB4-0FA1DA0E569A}.Debug|x64.ActiveCfg = Debug|Any CPU
		{8F0DC5DA-A9D5-9E0B-1FB4-0FA1DA0E569A}.Debug|x64.Build.0 = Debug|Any CPU
		{8F0DC5DA-A9D5-9E0B-1FB4-0FA1DA0E569A}.Debug|x86.ActiveCfg = Debug|Any CPU
		{8F0DC5DA-A9D5-9E0B-1FB4-0FA1DA0E569A}.Debug|x86.Build.0 = Debug|Any CPU
		{8F0DC5DA-A9D5-9E0B-1FB4-0FA1DA0E569A}.Release|Any CPU.ActiveCfg = Release|Any CPU
		{8F0DC5DA-A9D5-9E0B-1FB4-0FA1DA0E569A}.Release|Any CPU.Build.0 = Release|Any CPU
		{8F0DC5DA-A9D5-9E0B-1FB4-0FA1DA0E569A}.Release|ARM.ActiveCfg = Release|Any CPU
		{8F0DC5DA-A9D5-9E0B-1FB4-0FA1DA0E569A}.Release|ARM.Build.0 = Release|Any CPU
		{8F0DC5DA-A9D5-9E0B-1FB4-0FA1DA0E569A}.Release|ARM64.ActiveCfg = Release|Any CPU
		{8F0DC5DA-A9D5-9E0B-1FB4-0FA1DA0E569A}.Release|ARM64.Build.0 = Release|Any CPU
		{8F0DC5DA-A9D5-9E0B-1FB4-0FA1DA0E569A}.Release|iPhone.ActiveCfg = Release|Any CPU
		{8F0DC5DA-A9D5-9E0B-1FB4-0FA1DA0E569A}.Release|iPhone.Build.0 = Release|Any CPU
		{8F0DC5DA-A9D5-9E0B-1FB4-0FA1DA0E569A}.Release|iPhoneSimulator.ActiveCfg = Release|Any CPU
		{8F0DC5DA-A9D5-9E0B-1FB4-0FA1DA0E569A}.Release|iPhoneSimulator.Build.0 = Release|Any CPU
		{8F0DC5DA-A9D5-9E0B-1FB4-0FA1DA0E569A}.Release|x64.ActiveCfg = Release|Any CPU
		{8F0DC5DA-A9D5-9E0B-1FB4-0FA1DA0E569A}.Release|x64.Build.0 = Release|Any CPU
		{8F0DC5DA-A9D5-9E0B-1FB4-0FA1DA0E569A}.Release|x86.ActiveCfg = Release|Any CPU
		{8F0DC5DA-A9D5-9E0B-1FB4-0FA1DA0E569A}.Release|x86.Build.0 = Release|Any CPU
		{23C69595-673D-6BDE-D8D7-BB86B6DAF951}.Debug|Any CPU.ActiveCfg = Debug|Any CPU
		{23C69595-673D-6BDE-D8D7-BB86B6DAF951}.Debug|Any CPU.Build.0 = Debug|Any CPU
		{23C69595-673D-6BDE-D8D7-BB86B6DAF951}.Debug|ARM.ActiveCfg = Debug|Any CPU
		{23C69595-673D-6BDE-D8D7-BB86B6DAF951}.Debug|ARM.Build.0 = Debug|Any CPU
		{23C69595-673D-6BDE-D8D7-BB86B6DAF951}.Debug|ARM64.ActiveCfg = Debug|Any CPU
		{23C69595-673D-6BDE-D8D7-BB86B6DAF951}.Debug|ARM64.Build.0 = Debug|Any CPU
		{23C69595-673D-6BDE-D8D7-BB86B6DAF951}.Debug|iPhone.ActiveCfg = Debug|Any CPU
		{23C69595-673D-6BDE-D8D7-BB86B6DAF951}.Debug|iPhone.Build.0 = Debug|Any CPU
		{23C69595-673D-6BDE-D8D7-BB86B6DAF951}.Debug|iPhoneSimulator.ActiveCfg = Debug|Any CPU
		{23C69595-673D-6BDE-D8D7-BB86B6DAF951}.Debug|iPhoneSimulator.Build.0 = Debug|Any CPU
		{23C69595-673D-6BDE-D8D7-BB86B6DAF951}.Debug|x64.ActiveCfg = Debug|Any CPU
		{23C69595-673D-6BDE-D8D7-BB86B6DAF951}.Debug|x64.Build.0 = Debug|Any CPU
		{23C69595-673D-6BDE-D8D7-BB86B6DAF951}.Debug|x86.ActiveCfg = Debug|Any CPU
		{23C69595-673D-6BDE-D8D7-BB86B6DAF951}.Debug|x86.Build.0 = Debug|Any CPU
		{23C69595-673D-6BDE-D8D7-BB86B6DAF951}.Release|Any CPU.ActiveCfg = Release|Any CPU
		{23C69595-673D-6BDE-D8D7-BB86B6DAF951}.Release|Any CPU.Build.0 = Release|Any CPU
		{23C69595-673D-6BDE-D8D7-BB86B6DAF951}.Release|ARM.ActiveCfg = Release|Any CPU
		{23C69595-673D-6BDE-D8D7-BB86B6DAF951}.Release|ARM.Build.0 = Release|Any CPU
		{23C69595-673D-6BDE-D8D7-BB86B6DAF951}.Release|ARM64.ActiveCfg = Release|Any CPU
		{23C69595-673D-6BDE-D8D7-BB86B6DAF951}.Release|ARM64.Build.0 = Release|Any CPU
		{23C69595-673D-6BDE-D8D7-BB86B6DAF951}.Release|iPhone.ActiveCfg = Release|Any CPU
		{23C69595-673D-6BDE-D8D7-BB86B6DAF951}.Release|iPhone.Build.0 = Release|Any CPU
		{23C69595-673D-6BDE-D8D7-BB86B6DAF951}.Release|iPhoneSimulator.ActiveCfg = Release|Any CPU
		{23C69595-673D-6BDE-D8D7-BB86B6DAF951}.Release|iPhoneSimulator.Build.0 = Release|Any CPU
		{23C69595-673D-6BDE-D8D7-BB86B6DAF951}.Release|x64.ActiveCfg = Release|Any CPU
		{23C69595-673D-6BDE-D8D7-BB86B6DAF951}.Release|x64.Build.0 = Release|Any CPU
		{23C69595-673D-6BDE-D8D7-BB86B6DAF951}.Release|x86.ActiveCfg = Release|Any CPU
		{23C69595-673D-6BDE-D8D7-BB86B6DAF951}.Release|x86.Build.0 = Release|Any CPU
		{781A0038-9874-8CE9-9C4A-7C2E7D4E8B2D}.Debug|Any CPU.ActiveCfg = Debug|Any CPU
		{781A0038-9874-8CE9-9C4A-7C2E7D4E8B2D}.Debug|Any CPU.Build.0 = Debug|Any CPU
		{781A0038-9874-8CE9-9C4A-7C2E7D4E8B2D}.Debug|ARM.ActiveCfg = Debug|Any CPU
		{781A0038-9874-8CE9-9C4A-7C2E7D4E8B2D}.Debug|ARM.Build.0 = Debug|Any CPU
		{781A0038-9874-8CE9-9C4A-7C2E7D4E8B2D}.Debug|ARM64.ActiveCfg = Debug|Any CPU
		{781A0038-9874-8CE9-9C4A-7C2E7D4E8B2D}.Debug|ARM64.Build.0 = Debug|Any CPU
		{781A0038-9874-8CE9-9C4A-7C2E7D4E8B2D}.Debug|iPhone.ActiveCfg = Debug|Any CPU
		{781A0038-9874-8CE9-9C4A-7C2E7D4E8B2D}.Debug|iPhone.Build.0 = Debug|Any CPU
		{781A0038-9874-8CE9-9C4A-7C2E7D4E8B2D}.Debug|iPhoneSimulator.ActiveCfg = Debug|Any CPU
		{781A0038-9874-8CE9-9C4A-7C2E7D4E8B2D}.Debug|iPhoneSimulator.Build.0 = Debug|Any CPU
		{781A0038-9874-8CE9-9C4A-7C2E7D4E8B2D}.Debug|x64.ActiveCfg = Debug|Any CPU
		{781A0038-9874-8CE9-9C4A-7C2E7D4E8B2D}.Debug|x64.Build.0 = Debug|Any CPU
		{781A0038-9874-8CE9-9C4A-7C2E7D4E8B2D}.Debug|x86.ActiveCfg = Debug|Any CPU
		{781A0038-9874-8CE9-9C4A-7C2E7D4E8B2D}.Debug|x86.Build.0 = Debug|Any CPU
		{781A0038-9874-8CE9-9C4A-7C2E7D4E8B2D}.Release|Any CPU.ActiveCfg = Release|Any CPU
		{781A0038-9874-8CE9-9C4A-7C2E7D4E8B2D}.Release|Any CPU.Build.0 = Release|Any CPU
		{781A0038-9874-8CE9-9C4A-7C2E7D4E8B2D}.Release|ARM.ActiveCfg = Release|Any CPU
		{781A0038-9874-8CE9-9C4A-7C2E7D4E8B2D}.Release|ARM.Build.0 = Release|Any CPU
		{781A0038-9874-8CE9-9C4A-7C2E7D4E8B2D}.Release|ARM64.ActiveCfg = Release|Any CPU
		{781A0038-9874-8CE9-9C4A-7C2E7D4E8B2D}.Release|ARM64.Build.0 = Release|Any CPU
		{781A0038-9874-8CE9-9C4A-7C2E7D4E8B2D}.Release|iPhone.ActiveCfg = Release|Any CPU
		{781A0038-9874-8CE9-9C4A-7C2E7D4E8B2D}.Release|iPhone.Build.0 = Release|Any CPU
		{781A0038-9874-8CE9-9C4A-7C2E7D4E8B2D}.Release|iPhoneSimulator.ActiveCfg = Release|Any CPU
		{781A0038-9874-8CE9-9C4A-7C2E7D4E8B2D}.Release|iPhoneSimulator.Build.0 = Release|Any CPU
		{781A0038-9874-8CE9-9C4A-7C2E7D4E8B2D}.Release|x64.ActiveCfg = Release|Any CPU
		{781A0038-9874-8CE9-9C4A-7C2E7D4E8B2D}.Release|x64.Build.0 = Release|Any CPU
		{781A0038-9874-8CE9-9C4A-7C2E7D4E8B2D}.Release|x86.ActiveCfg = Release|Any CPU
		{781A0038-9874-8CE9-9C4A-7C2E7D4E8B2D}.Release|x86.Build.0 = Release|Any CPU
		{FE6853F9-7F28-A779-B3BB-0C4D991A870A}.Debug|Any CPU.ActiveCfg = Debug|Any CPU
		{FE6853F9-7F28-A779-B3BB-0C4D991A870A}.Debug|Any CPU.Build.0 = Debug|Any CPU
		{FE6853F9-7F28-A779-B3BB-0C4D991A870A}.Debug|ARM.ActiveCfg = Debug|Any CPU
		{FE6853F9-7F28-A779-B3BB-0C4D991A870A}.Debug|ARM.Build.0 = Debug|Any CPU
		{FE6853F9-7F28-A779-B3BB-0C4D991A870A}.Debug|ARM64.ActiveCfg = Debug|Any CPU
		{FE6853F9-7F28-A779-B3BB-0C4D991A870A}.Debug|ARM64.Build.0 = Debug|Any CPU
		{FE6853F9-7F28-A779-B3BB-0C4D991A870A}.Debug|iPhone.ActiveCfg = Debug|Any CPU
		{FE6853F9-7F28-A779-B3BB-0C4D991A870A}.Debug|iPhone.Build.0 = Debug|Any CPU
		{FE6853F9-7F28-A779-B3BB-0C4D991A870A}.Debug|iPhoneSimulator.ActiveCfg = Debug|Any CPU
		{FE6853F9-7F28-A779-B3BB-0C4D991A870A}.Debug|iPhoneSimulator.Build.0 = Debug|Any CPU
		{FE6853F9-7F28-A779-B3BB-0C4D991A870A}.Debug|x64.ActiveCfg = Debug|Any CPU
		{FE6853F9-7F28-A779-B3BB-0C4D991A870A}.Debug|x64.Build.0 = Debug|Any CPU
		{FE6853F9-7F28-A779-B3BB-0C4D991A870A}.Debug|x86.ActiveCfg = Debug|Any CPU
		{FE6853F9-7F28-A779-B3BB-0C4D991A870A}.Debug|x86.Build.0 = Debug|Any CPU
		{FE6853F9-7F28-A779-B3BB-0C4D991A870A}.Release|Any CPU.ActiveCfg = Release|Any CPU
		{FE6853F9-7F28-A779-B3BB-0C4D991A870A}.Release|Any CPU.Build.0 = Release|Any CPU
		{FE6853F9-7F28-A779-B3BB-0C4D991A870A}.Release|ARM.ActiveCfg = Release|Any CPU
		{FE6853F9-7F28-A779-B3BB-0C4D991A870A}.Release|ARM.Build.0 = Release|Any CPU
		{FE6853F9-7F28-A779-B3BB-0C4D991A870A}.Release|ARM64.ActiveCfg = Release|Any CPU
		{FE6853F9-7F28-A779-B3BB-0C4D991A870A}.Release|ARM64.Build.0 = Release|Any CPU
		{FE6853F9-7F28-A779-B3BB-0C4D991A870A}.Release|iPhone.ActiveCfg = Release|Any CPU
		{FE6853F9-7F28-A779-B3BB-0C4D991A870A}.Release|iPhone.Build.0 = Release|Any CPU
		{FE6853F9-7F28-A779-B3BB-0C4D991A870A}.Release|iPhoneSimulator.ActiveCfg = Release|Any CPU
		{FE6853F9-7F28-A779-B3BB-0C4D991A870A}.Release|iPhoneSimulator.Build.0 = Release|Any CPU
		{FE6853F9-7F28-A779-B3BB-0C4D991A870A}.Release|x64.ActiveCfg = Release|Any CPU
		{FE6853F9-7F28-A779-B3BB-0C4D991A870A}.Release|x64.Build.0 = Release|Any CPU
		{FE6853F9-7F28-A779-B3BB-0C4D991A870A}.Release|x86.ActiveCfg = Release|Any CPU
		{FE6853F9-7F28-A779-B3BB-0C4D991A870A}.Release|x86.Build.0 = Release|Any CPU
	EndGlobalSection
	GlobalSection(SolutionProperties) = preSolution
		HideSolutionNode = FALSE
	EndGlobalSection
	GlobalSection(NestedProjects) = preSolution
		{9B62E19F-9B76-8210-74BF-5CB73E8F9DC9} = {02EA681E-C7D8-13C7-8484-4AC65E1B71E8}
		{948684C6-A5B0-BFE3-1488-9BA59D079DF4} = {02EA681E-C7D8-13C7-8484-4AC65E1B71E8}
		{2040F564-C929-9C91-FA03-9F29150FFFA8} = {02EA681E-C7D8-13C7-8484-4AC65E1B71E8}
		{831B8141-589B-B3B5-1698-3DBB994C33C9} = {02EA681E-C7D8-13C7-8484-4AC65E1B71E8}
		{6AC02D0B-42D6-1252-58E8-ED3A141CA8DE} = {02EA681E-C7D8-13C7-8484-4AC65E1B71E8}
		{D9D4FCD9-497B-771A-2E51-AF5CD0B562B6} = {02EA681E-C7D8-13C7-8484-4AC65E1B71E8}
		{53A9C85D-20D5-BD62-C51B-6A962F80D494} = {02EA681E-C7D8-13C7-8484-4AC65E1B71E8}
		{EA4373BD-1C5E-A1F6-8AE8-F928C608F752} = {02EA681E-C7D8-13C7-8484-4AC65E1B71E8}
		{4A4408DD-44D1-697E-E1DA-B6FA20915C5D} = {02EA681E-C7D8-13C7-8484-4AC65E1B71E8}
		{D1D0AD51-821E-DA39-D800-8495489351A4} = {02EA681E-C7D8-13C7-8484-4AC65E1B71E8}
		{8AA54DFD-8DA5-8449-4051-2D774119A7B5} = {02EA681E-C7D8-13C7-8484-4AC65E1B71E8}
		{3FC0C772-6D91-D928-D579-858AA9382BD9} = {02EA681E-C7D8-13C7-8484-4AC65E1B71E8}
		{56BFE6D3-AB66-80DA-824C-8971323873A5} = {02EA681E-C7D8-13C7-8484-4AC65E1B71E8}
		{8F0DC5DA-A9D5-9E0B-1FB4-0FA1DA0E569A} = {02EA681E-C7D8-13C7-8484-4AC65E1B71E8}
		{23C69595-673D-6BDE-D8D7-BB86B6DAF951} = {02EA681E-C7D8-13C7-8484-4AC65E1B71E8}
		{781A0038-9874-8CE9-9C4A-7C2E7D4E8B2D} = {02EA681E-C7D8-13C7-8484-4AC65E1B71E8}
		{FE6853F9-7F28-A779-B3BB-0C4D991A870A} = {02EA681E-C7D8-13C7-8484-4AC65E1B71E8}
	EndGlobalSection
	GlobalSection(ExtensibilityGlobals) = postSolution
		SolutionGuid = {288BEE30-FDD3-4587-A4D1-C3D847DBCF35}
	EndGlobalSection
EndGlobal
